
Microsoft Visual Studio Solution File, Format Version 12.00
# Visual Studio 15
VisualStudioVersion = 15.0.27004.2009
MinimumVisualStudioVersion = 10.0.40219.1
Project("{FAE04EC0-301F-11D3-BF4B-00C04F79EFBC}") = "XYZCorp", "XYZCorp\XYZCorp.csproj", "{87A9E16D-1EE1-4C09-AF87-F0543D086A21}"
EndProject
Project("{FAE04EC0-301F-11D3-BF4B-00C04F79EFBC}") = "XYZCorp.Tests", "XYZCorp.Tests\XYZCorp.Tests.csproj", "{ED50F544-FF12-4F7E-8B69-59C261A9E3C4}"
EndProject
Global
	GlobalSection(SolutionConfigurationPlatforms) = preSolution
		Debug|Any CPU = Debug|Any CPU
		Release|Any CPU = Release|Any CPU
	EndGlobalSection
	GlobalSection(ProjectConfigurationPlatforms) = postSolution
		{87A9E16D-1EE1-4C09-AF87-F0543D086A21}.Debug|Any CPU.ActiveCfg = Debug|Any CPU
		{87A9E16D-1EE1-4C09-AF87-F0543D086A21}.Debug|Any CPU.Build.0 = Debug|Any CPU
		{87A9E16D-1EE1-4C09-AF87-F0543D086A21}.Release|Any CPU.ActiveCfg = Release|Any CPU
		{87A9E16D-1EE1-4C09-AF87-F0543D086A21}.Release|Any CPU.Build.0 = Release|Any CPU
		{ED50F544-FF12-4F7E-8B69-59C261A9E3C4}.Debug|Any CPU.ActiveCfg = Debug|Any CPU
		{ED50F544-FF12-4F7E-8B69-59C261A9E3C4}.Debug|Any CPU.Build.0 = Debug|Any CPU
		{ED50F544-FF12-4F7E-8B69-59C261A9E3C4}.Release|Any CPU.ActiveCfg = Release|Any CPU
		{ED50F544-FF12-4F7E-8B69-59C261A9E3C4}.Release|Any CPU.Build.0 = Release|Any CPU
	EndGlobalSection
	GlobalSection(SolutionProperties) = preSolution
		HideSolutionNode = FALSE
	EndGlobalSection
	GlobalSection(ExtensibilityGlobals) = postSolution
		SolutionGuid = {FE9F637F-2C46-40FA-B2AB-D7CFF22EBB11}
	EndGlobalSection
EndGlobal
